
Microsoft Visual Studio Solution File, Format Version 12.00
# Visual Studio Version 17
VisualStudioVersion = 17.11.35327.3
MinimumVisualStudioVersion = 10.0.40219.1
Project("{FAE04EC0-301F-11D3-BF4B-00C04F79EFBC}") = "TaskExaminantionSystem", "TaskExaminantionSystem\TaskExaminantionSystem.csproj", "{8400A248-51AF-403E-8CDA-3E262D560030}"
EndProject
Global
	GlobalSection(SolutionConfigurationPlatforms) = preSolution
		Debug|Any CPU = Debug|Any CPU
		Release|Any CPU = Release|Any CPU
	EndGlobalSection
	GlobalSection(ProjectConfigurationPlatforms) = postSolution
		{8400A248-51AF-403E-8CDA-3E262D560030}.Debug|Any CPU.ActiveCfg = Debug|Any CPU
		{8400A248-51AF-403E-8CDA-3E262D560030}.Debug|Any CPU.Build.0 = Debug|Any CPU
		{8400A248-51AF-403E-8CDA-3E262D560030}.Release|Any CPU.ActiveCfg = Release|Any CPU
		{8400A248-51AF-403E-8CDA-3E262D560030}.Release|Any CPU.Build.0 = Release|Any CPU
	EndGlobalSection
	GlobalSection(SolutionProperties) = preSolution
		HideSolutionNode = FALSE
	EndGlobalSection
	GlobalSection(ExtensibilityGlobals) = postSolution
		SolutionGuid = {E7FA3416-F4F7-428D-8C62-1934CFD41CA3}
	EndGlobalSection
EndGlobal
